
Microsoft Visual Studio Solution File, Format Version 12.00
# Visual Studio 15
VisualStudioVersion = 15.0.26124.0
MinimumVisualStudioVersion = 15.0.26124.0
Project("{FAE04EC0-301F-11D3-BF4B-00C04F79EFBC}") = "Cine.Api", "src\Cine.Api\Cine.Api.csproj", "{F915A047-08C9-4F1A-AE75-C4D721EA678C}"
EndProject
Project("{2150E333-8FDC-42A3-9474-1A3956D46DE8}") = "Modules", "Modules", "{A06C9C95-AB11-4932-AC0C-7B032AC4C927}"
EndProject
Project("{2150E333-8FDC-42A3-9474-1A3956D46DE8}") = "Shared", "Shared", "{446ACF7F-3549-4369-B869-388AFD8A424D}"
EndProject
Project("{FAE04EC0-301F-11D3-BF4B-00C04F79EFBC}") = "Cine.Shared", "src\Shared\Cine.Shared\Cine.Shared.csproj", "{222CA4C0-2790-43C1-80B4-B0943E04A121}"
EndProject
Project("{2150E333-8FDC-42A3-9474-1A3956D46DE8}") = "API", "API", "{2C76FA73-9992-4A0A-ADDA-0C59202ABB15}"
EndProject
Project("{2150E333-8FDC-42A3-9474-1A3956D46DE8}") = "Movies", "Movies", "{E3861B40-6596-4B43-8CA3-0345D8A6C83A}"
EndProject
Project("{FAE04EC0-301F-11D3-BF4B-00C04F79EFBC}") = "Cine.Modules.Movies.Api", "src\Modules\Movies\Cine.Modules.Movies.Api\Cine.Modules.Movies.Api.csproj", "{7FB2C6C3-EEBF-4FD0-AE45-9B9F95DF719B}"
EndProject
Project("{2150E333-8FDC-42A3-9474-1A3956D46DE8}") = "Cinemas", "Cinemas", "{E8582D4E-704B-4788-B6FC-78E7EDAFBA91}"
EndProject
Project("{FAE04EC0-301F-11D3-BF4B-00C04F79EFBC}") = "Cien.Modules.Cinemas.Api", "src\Modules\Cinemas\Cine.Modules.Cinemas.Api\Cine.Modules.Cinemas.Api.csproj", "{902F8D93-D31B-4898-BEEE-CAD02732B409}"
EndProject
Global
	GlobalSection(SolutionConfigurationPlatforms) = preSolution
		Debug|Any CPU = Debug|Any CPU
		Debug|x64 = Debug|x64
		Debug|x86 = Debug|x86
		Release|Any CPU = Release|Any CPU
		Release|x64 = Release|x64
		Release|x86 = Release|x86
	EndGlobalSection
	GlobalSection(SolutionProperties) = preSolution
		HideSolutionNode = FALSE
	EndGlobalSection
	GlobalSection(ProjectConfigurationPlatforms) = postSolution
		{F915A047-08C9-4F1A-AE75-C4D721EA678C}.Debug|Any CPU.ActiveCfg = Debug|Any CPU
		{F915A047-08C9-4F1A-AE75-C4D721EA678C}.Debug|Any CPU.Build.0 = Debug|Any CPU
		{F915A047-08C9-4F1A-AE75-C4D721EA678C}.Debug|x64.ActiveCfg = Debug|Any CPU
		{F915A047-08C9-4F1A-AE75-C4D721EA678C}.Debug|x64.Build.0 = Debug|Any CPU
		{F915A047-08C9-4F1A-AE75-C4D721EA678C}.Debug|x86.ActiveCfg = Debug|Any CPU
		{F915A047-08C9-4F1A-AE75-C4D721EA678C}.Debug|x86.Build.0 = Debug|Any CPU
		{F915A047-08C9-4F1A-AE75-C4D721EA678C}.Release|Any CPU.ActiveCfg = Release|Any CPU
		{F915A047-08C9-4F1A-AE75-C4D721EA678C}.Release|Any CPU.Build.0 = Release|Any CPU
		{F915A047-08C9-4F1A-AE75-C4D721EA678C}.Release|x64.ActiveCfg = Release|Any CPU
		{F915A047-08C9-4F1A-AE75-C4D721EA678C}.Release|x64.Build.0 = Release|Any CPU
		{F915A047-08C9-4F1A-AE75-C4D721EA678C}.Release|x86.ActiveCfg = Release|Any CPU
		{F915A047-08C9-4F1A-AE75-C4D721EA678C}.Release|x86.Build.0 = Release|Any CPU
		{222CA4C0-2790-43C1-80B4-B0943E04A121}.Debug|Any CPU.ActiveCfg = Debug|Any CPU
		{222CA4C0-2790-43C1-80B4-B0943E04A121}.Debug|Any CPU.Build.0 = Debug|Any CPU
		{222CA4C0-2790-43C1-80B4-B0943E04A121}.Debug|x64.ActiveCfg = Debug|Any CPU
		{222CA4C0-2790-43C1-80B4-B0943E04A121}.Debug|x64.Build.0 = Debug|Any CPU
		{222CA4C0-2790-43C1-80B4-B0943E04A121}.Debug|x86.ActiveCfg = Debug|Any CPU
		{222CA4C0-2790-43C1-80B4-B0943E04A121}.Debug|x86.Build.0 = Debug|Any CPU
		{222CA4C0-2790-43C1-80B4-B0943E04A121}.Release|Any CPU.ActiveCfg = Release|Any CPU
		{222CA4C0-2790-43C1-80B4-B0943E04A121}.Release|Any CPU.Build.0 = Release|Any CPU
		{222CA4C0-2790-43C1-80B4-B0943E04A121}.Release|x64.ActiveCfg = Release|Any CPU
		{222CA4C0-2790-43C1-80B4-B0943E04A121}.Release|x64.Build.0 = Release|Any CPU
		{222CA4C0-2790-43C1-80B4-B0943E04A121}.Release|x86.ActiveCfg = Release|Any CPU
		{222CA4C0-2790-43C1-80B4-B0943E04A121}.Release|x86.Build.0 = Release|Any CPU
		{7FB2C6C3-EEBF-4FD0-AE45-9B9F95DF719B}.Debug|Any CPU.ActiveCfg = Debug|Any CPU
		{7FB2C6C3-EEBF-4FD0-AE45-9B9F95DF719B}.Debug|Any CPU.Build.0 = Debug|Any CPU
		{7FB2C6C3-EEBF-4FD0-AE45-9B9F95DF719B}.Debug|x64.ActiveCfg = Debug|Any CPU
		{7FB2C6C3-EEBF-4FD0-AE45-9B9F95DF719B}.Debug|x64.Build.0 = Debug|Any CPU
		{7FB2C6C3-EEBF-4FD0-AE45-9B9F95DF719B}.Debug|x86.ActiveCfg = Debug|Any CPU
		{7FB2C6C3-EEBF-4FD0-AE45-9B9F95DF719B}.Debug|x86.Build.0 = Debug|Any CPU
		{7FB2C6C3-EEBF-4FD0-AE45-9B9F95DF719B}.Release|Any CPU.ActiveCfg = Release|Any CPU
		{7FB2C6C3-EEBF-4FD0-AE45-9B9F95DF719B}.Release|Any CPU.Build.0 = Release|Any CPU
		{7FB2C6C3-EEBF-4FD0-AE45-9B9F95DF719B}.Release|x64.ActiveCfg = Release|Any CPU
		{7FB2C6C3-EEBF-4FD0-AE45-9B9F95DF719B}.Release|x64.Build.0 = Release|Any CPU
		{7FB2C6C3-EEBF-4FD0-AE45-9B9F95DF719B}.Release|x86.ActiveCfg = Release|Any CPU
		{7FB2C6C3-EEBF-4FD0-AE45-9B9F95DF719B}.Release|x86.Build.0 = Release|Any CPU
		{902F8D93-D31B-4898-BEEE-CAD02732B409}.Debug|Any CPU.ActiveCfg = Debug|Any CPU
		{902F8D93-D31B-4898-BEEE-CAD02732B409}.Debug|Any CPU.Build.0 = Debug|Any CPU
		{902F8D93-D31B-4898-BEEE-CAD02732B409}.Debug|x64.ActiveCfg = Debug|Any CPU
		{902F8D93-D31B-4898-BEEE-CAD02732B409}.Debug|x64.Build.0 = Debug|Any CPU
		{902F8D93-D31B-4898-BEEE-CAD02732B409}.Debug|x86.ActiveCfg = Debug|Any CPU
		{902F8D93-D31B-4898-BEEE-CAD02732B409}.Debug|x86.Build.0 = Debug|Any CPU
		{902F8D93-D31B-4898-BEEE-CAD02732B409}.Release|Any CPU.ActiveCfg = Release|Any CPU
		{902F8D93-D31B-4898-BEEE-CAD02732B409}.Release|Any CPU.Build.0 = Release|Any CPU
		{902F8D93-D31B-4898-BEEE-CAD02732B409}.Release|x64.ActiveCfg = Release|Any CPU
		{902F8D93-D31B-4898-BEEE-CAD02732B409}.Release|x64.Build.0 = Release|Any CPU
		{902F8D93-D31B-4898-BEEE-CAD02732B409}.Release|x86.ActiveCfg = Release|Any CPU
		{902F8D93-D31B-4898-BEEE-CAD02732B409}.Release|x86.Build.0 = Release|Any CPU
	EndGlobalSection
	GlobalSection(NestedProjects) = preSolution
		{222CA4C0-2790-43C1-80B4-B0943E04A121} = {446ACF7F-3549-4369-B869-388AFD8A424D}
		{F915A047-08C9-4F1A-AE75-C4D721EA678C} = {2C76FA73-9992-4A0A-ADDA-0C59202ABB15}
		{E3861B40-6596-4B43-8CA3-0345D8A6C83A} = {A06C9C95-AB11-4932-AC0C-7B032AC4C927}
		{7FB2C6C3-EEBF-4FD0-AE45-9B9F95DF719B} = {E3861B40-6596-4B43-8CA3-0345D8A6C83A}
		{E8582D4E-704B-4788-B6FC-78E7EDAFBA91} = {A06C9C95-AB11-4932-AC0C-7B032AC4C927}
		{902F8D93-D31B-4898-BEEE-CAD02732B409} = {E8582D4E-704B-4788-B6FC-78E7EDAFBA91}
	EndGlobalSection
EndGlobal
