
Microsoft Visual Studio Solution File, Format Version 12.00
# Visual Studio 15
VisualStudioVersion = 15.0.26124.0
MinimumVisualStudioVersion = 15.0.26124.0
Project("{FAE04EC0-301F-11D3-BF4B-00C04F79EFBC}") = "Cine.Bootstrapper", "src\Cine.Bootstrapper\Cine.Bootstrapper.csproj", "{F915A047-08C9-4F1A-AE75-C4D721EA678C}"
EndProject
Project("{2150E333-8FDC-42A3-9474-1A3956D46DE8}") = "Modules", "Modules", "{A06C9C95-AB11-4932-AC0C-7B032AC4C927}"
EndProject
Project("{2150E333-8FDC-42A3-9474-1A3956D46DE8}") = "Shared", "Shared", "{446ACF7F-3549-4369-B869-388AFD8A424D}"
EndProject
Project("{FAE04EC0-301F-11D3-BF4B-00C04F79EFBC}") = "Cine.Shared", "src\Shared\Cine.Shared\Cine.Shared.csproj", "{222CA4C0-2790-43C1-80B4-B0943E04A121}"
EndProject
Project("{2150E333-8FDC-42A3-9474-1A3956D46DE8}") = "Movies", "Movies", "{E3861B40-6596-4B43-8CA3-0345D8A6C83A}"
EndProject
Project("{FAE04EC0-301F-11D3-BF4B-00C04F79EFBC}") = "Cine.Modules.Movies.Api", "src\Modules\Movies\Cine.Modules.Movies.Api\Cine.Modules.Movies.Api.csproj", "{7FB2C6C3-EEBF-4FD0-AE45-9B9F95DF719B}"
EndProject
Project("{2150E333-8FDC-42A3-9474-1A3956D46DE8}") = "Cinemas", "Cinemas", "{E8582D4E-704B-4788-B6FC-78E7EDAFBA91}"
EndProject
Project("{FAE04EC0-301F-11D3-BF4B-00C04F79EFBC}") = "Cien.Modules.Cinemas.Api", "src\Modules\Cinemas\Cine.Modules.Cinemas.Api\Cine.Modules.Cinemas.Api.csproj", "{902F8D93-D31B-4898-BEEE-CAD02732B409}"
EndProject
Project("{2150E333-8FDC-42A3-9474-1A3956D46DE8}") = "Shedules", "Shedules", "{8E63DDBF-7ED7-4713-AB1C-28B0D7F00B7C}"
EndProject
Project("{FAE04EC0-301F-11D3-BF4B-00C04F79EFBC}") = "Cine.Modules.Schedules.Core", "src\Modules\Schedules\Cine.Modules.Schedules.Core\Cine.Modules.Schedules.Core.csproj", "{6D49F8EB-3D36-4A2D-8CCC-E892C54E5B4D}"
EndProject
Project("{FAE04EC0-301F-11D3-BF4B-00C04F79EFBC}") = "Cine.Modules.Schedules.Application", "src\Modules\Schedules\Cine.Modules.Schedules.Application\Cine.Modules.Schedules.Application.csproj", "{2FC48DF0-EB14-4275-81F9-E043BD129B1E}"
EndProject
Project("{FAE04EC0-301F-11D3-BF4B-00C04F79EFBC}") = "Cine.Modules.Schedules.Infrastructure", "src\Modules\Schedules\Cine.Modules.Schedules.Infrastructure\Cine.Modules.Schedules.Infrastructure.csproj", "{B209B497-3F6A-4B8A-AB7F-D97B5EFF3BCB}"
EndProject
Project("{FAE04EC0-301F-11D3-BF4B-00C04F79EFBC}") = "Cine.Modules.Schedules.Api", "src\Modules\Schedules\Cine.Modules.Schedules.Api\Cine.Modules.Schedules.Api.csproj", "{41AAA5C3-1D45-443A-BA36-721B0079CBEC}"
EndProject
Project("{2150E333-8FDC-42A3-9474-1A3956D46DE8}") = "Bootstrapper", "Bootstrapper", "{0899FB26-C2F3-4B85-9EC5-A35A4412D66A}"
EndProject
Project("{2150E333-8FDC-42A3-9474-1A3956D46DE8}") = "Reservations", "Reservations", "{BAD31810-16CF-4CF0-8922-0A5F3121981D}"
EndProject
Project("{FAE04EC0-301F-11D3-BF4B-00C04F79EFBC}") = "Cine.Reservations.Core", "src\Modules\Reservations\Cine.Reservations.Core\Cine.Reservations.Core.csproj", "{C411CB54-1614-4EC5-ADF2-96E92C97848E}"
EndProject
Project("{FAE04EC0-301F-11D3-BF4B-00C04F79EFBC}") = "Cine.Reservations.Application", "src\Modules\Reservations\Cine.Reservations.Application\Cine.Reservations.Application.csproj", "{83390800-5703-43C7-8E5E-AC56B06F2617}"
EndProject
Project("{FAE04EC0-301F-11D3-BF4B-00C04F79EFBC}") = "Cine.Reservations.Infrastructure", "src\Modules\Reservations\Cine.Reservations.Infrastructure\Cine.Reservations.Infrastructure.csproj", "{502BEBA0-D2B0-48C9-87FB-4139E5C35E6E}"
EndProject
Project("{2150E333-8FDC-42A3-9474-1A3956D46DE8}") = "src", "src", "{412EB9AA-39AE-4D55-851F-75DDD7FC1BC8}"
EndProject
Project("{2150E333-8FDC-42A3-9474-1A3956D46DE8}") = "src", "src", "{38137C4D-BC48-4477-A6E8-A30C19EB6AF5}"
EndProject
Project("{2150E333-8FDC-42A3-9474-1A3956D46DE8}") = "src", "src", "{3964AAF9-9293-4841-9EA9-96C224A54C9A}"
EndProject
Project("{2150E333-8FDC-42A3-9474-1A3956D46DE8}") = "src", "src", "{4370E486-0D67-4660-9EB6-C84ACB36CD50}"
EndProject
Project("{2150E333-8FDC-42A3-9474-1A3956D46DE8}") = "src", "src", "{39D11EEE-F319-422E-AB01-364CC0402486}"
EndProject
Project("{FAE04EC0-301F-11D3-BF4B-00C04F79EFBC}") = "Cine.Shared.Kernel", "src\Shared\Cine.Shared.Kernel\Cine.Shared.Kernel.csproj", "{1E07FE19-D3EA-49EA-B04D-B78E7ECD9F8B}"
EndProject
Project("{FAE04EC0-301F-11D3-BF4B-00C04F79EFBC}") = "Cine.Reservations.Api", "src\Modules\Reservations\Cine.Reservations.Api\Cine.Reservations.Api.csproj", "{F51D7FA6-1DD8-4722-BB97-C4238F2CFBF5}"
EndProject
Project("{2150E333-8FDC-42A3-9474-1A3956D46DE8}") = "Customers", "Customers", "{3B30A0D5-21F5-4796-94E4-C4CACD62FB7A}"
EndProject
Project("{FAE04EC0-301F-11D3-BF4B-00C04F79EFBC}") = "Cine.Modules.Customers.Api", "src\Modules\Customers\Cine.Modules.Customers.Api\Cine.Modules.Customers.Api.csproj", "{9DC84B3E-D3B4-4A0F-8416-A0EFAF44D206}"
EndProject
Project("{2150E333-8FDC-42A3-9474-1A3956D46DE8}") = "src", "src", "{BD874096-597E-4DA0-95F6-3465A92B51FD}"
EndProject
Project("{2150E333-8FDC-42A3-9474-1A3956D46DE8}") = "Identity", "Identity", "{65FE75D2-C78A-41F4-A5C5-6E25232A8B19}"
EndProject
Project("{FAE04EC0-301F-11D3-BF4B-00C04F79EFBC}") = "Cine.Modules.Identity.Api", "src\Modules\Identity\Cine.Modules.Identity.Api\Cine.Modules.Identity.Api.csproj", "{69E4DE0B-25E2-4542-B2C2-F15F07B4200F}"
EndProject
Project("{2150E333-8FDC-42A3-9474-1A3956D46DE8}") = "src", "src", "{5A29564A-2205-4480-B790-8163D2AC01A4}"
EndProject
Project("{2150E333-8FDC-42A3-9474-1A3956D46DE8}") = "Pricing", "Pricing", "{DEDBFE34-E69C-469C-8095-28F5F9238911}"
EndProject
Project("{FAE04EC0-301F-11D3-BF4B-00C04F79EFBC}") = "Cine.Modules.Pricing.Api", "src\Modules\Pricing\Cine.Modules.Pricing.Api\Cine.Modules.Pricing.Api.csproj", "{4AC50560-2389-4A72-95E2-6EC298B205F8}"
EndProject
Global
	GlobalSection(SolutionConfigurationPlatforms) = preSolution
		Debug|Any CPU = Debug|Any CPU
		Debug|x64 = Debug|x64
		Debug|x86 = Debug|x86
		Release|Any CPU = Release|Any CPU
		Release|x64 = Release|x64
		Release|x86 = Release|x86
	EndGlobalSection
	GlobalSection(SolutionProperties) = preSolution
		HideSolutionNode = FALSE
	EndGlobalSection
	GlobalSection(ProjectConfigurationPlatforms) = postSolution
		{F915A047-08C9-4F1A-AE75-C4D721EA678C}.Debug|Any CPU.ActiveCfg = Debug|Any CPU
		{F915A047-08C9-4F1A-AE75-C4D721EA678C}.Debug|Any CPU.Build.0 = Debug|Any CPU
		{F915A047-08C9-4F1A-AE75-C4D721EA678C}.Debug|x64.ActiveCfg = Debug|Any CPU
		{F915A047-08C9-4F1A-AE75-C4D721EA678C}.Debug|x64.Build.0 = Debug|Any CPU
		{F915A047-08C9-4F1A-AE75-C4D721EA678C}.Debug|x86.ActiveCfg = Debug|Any CPU
		{F915A047-08C9-4F1A-AE75-C4D721EA678C}.Debug|x86.Build.0 = Debug|Any CPU
		{F915A047-08C9-4F1A-AE75-C4D721EA678C}.Release|Any CPU.ActiveCfg = Release|Any CPU
		{F915A047-08C9-4F1A-AE75-C4D721EA678C}.Release|Any CPU.Build.0 = Release|Any CPU
		{F915A047-08C9-4F1A-AE75-C4D721EA678C}.Release|x64.ActiveCfg = Release|Any CPU
		{F915A047-08C9-4F1A-AE75-C4D721EA678C}.Release|x64.Build.0 = Release|Any CPU
		{F915A047-08C9-4F1A-AE75-C4D721EA678C}.Release|x86.ActiveCfg = Release|Any CPU
		{F915A047-08C9-4F1A-AE75-C4D721EA678C}.Release|x86.Build.0 = Release|Any CPU
		{222CA4C0-2790-43C1-80B4-B0943E04A121}.Debug|Any CPU.ActiveCfg = Debug|Any CPU
		{222CA4C0-2790-43C1-80B4-B0943E04A121}.Debug|Any CPU.Build.0 = Debug|Any CPU
		{222CA4C0-2790-43C1-80B4-B0943E04A121}.Debug|x64.ActiveCfg = Debug|Any CPU
		{222CA4C0-2790-43C1-80B4-B0943E04A121}.Debug|x64.Build.0 = Debug|Any CPU
		{222CA4C0-2790-43C1-80B4-B0943E04A121}.Debug|x86.ActiveCfg = Debug|Any CPU
		{222CA4C0-2790-43C1-80B4-B0943E04A121}.Debug|x86.Build.0 = Debug|Any CPU
		{222CA4C0-2790-43C1-80B4-B0943E04A121}.Release|Any CPU.ActiveCfg = Release|Any CPU
		{222CA4C0-2790-43C1-80B4-B0943E04A121}.Release|Any CPU.Build.0 = Release|Any CPU
		{222CA4C0-2790-43C1-80B4-B0943E04A121}.Release|x64.ActiveCfg = Release|Any CPU
		{222CA4C0-2790-43C1-80B4-B0943E04A121}.Release|x64.Build.0 = Release|Any CPU
		{222CA4C0-2790-43C1-80B4-B0943E04A121}.Release|x86.ActiveCfg = Release|Any CPU
		{222CA4C0-2790-43C1-80B4-B0943E04A121}.Release|x86.Build.0 = Release|Any CPU
		{7FB2C6C3-EEBF-4FD0-AE45-9B9F95DF719B}.Debug|Any CPU.ActiveCfg = Debug|Any CPU
		{7FB2C6C3-EEBF-4FD0-AE45-9B9F95DF719B}.Debug|Any CPU.Build.0 = Debug|Any CPU
		{7FB2C6C3-EEBF-4FD0-AE45-9B9F95DF719B}.Debug|x64.ActiveCfg = Debug|Any CPU
		{7FB2C6C3-EEBF-4FD0-AE45-9B9F95DF719B}.Debug|x64.Build.0 = Debug|Any CPU
		{7FB2C6C3-EEBF-4FD0-AE45-9B9F95DF719B}.Debug|x86.ActiveCfg = Debug|Any CPU
		{7FB2C6C3-EEBF-4FD0-AE45-9B9F95DF719B}.Debug|x86.Build.0 = Debug|Any CPU
		{7FB2C6C3-EEBF-4FD0-AE45-9B9F95DF719B}.Release|Any CPU.ActiveCfg = Release|Any CPU
		{7FB2C6C3-EEBF-4FD0-AE45-9B9F95DF719B}.Release|Any CPU.Build.0 = Release|Any CPU
		{7FB2C6C3-EEBF-4FD0-AE45-9B9F95DF719B}.Release|x64.ActiveCfg = Release|Any CPU
		{7FB2C6C3-EEBF-4FD0-AE45-9B9F95DF719B}.Release|x64.Build.0 = Release|Any CPU
		{7FB2C6C3-EEBF-4FD0-AE45-9B9F95DF719B}.Release|x86.ActiveCfg = Release|Any CPU
		{7FB2C6C3-EEBF-4FD0-AE45-9B9F95DF719B}.Release|x86.Build.0 = Release|Any CPU
		{902F8D93-D31B-4898-BEEE-CAD02732B409}.Debug|Any CPU.ActiveCfg = Debug|Any CPU
		{902F8D93-D31B-4898-BEEE-CAD02732B409}.Debug|Any CPU.Build.0 = Debug|Any CPU
		{902F8D93-D31B-4898-BEEE-CAD02732B409}.Debug|x64.ActiveCfg = Debug|Any CPU
		{902F8D93-D31B-4898-BEEE-CAD02732B409}.Debug|x64.Build.0 = Debug|Any CPU
		{902F8D93-D31B-4898-BEEE-CAD02732B409}.Debug|x86.ActiveCfg = Debug|Any CPU
		{902F8D93-D31B-4898-BEEE-CAD02732B409}.Debug|x86.Build.0 = Debug|Any CPU
		{902F8D93-D31B-4898-BEEE-CAD02732B409}.Release|Any CPU.ActiveCfg = Release|Any CPU
		{902F8D93-D31B-4898-BEEE-CAD02732B409}.Release|Any CPU.Build.0 = Release|Any CPU
		{902F8D93-D31B-4898-BEEE-CAD02732B409}.Release|x64.ActiveCfg = Release|Any CPU
		{902F8D93-D31B-4898-BEEE-CAD02732B409}.Release|x64.Build.0 = Release|Any CPU
		{902F8D93-D31B-4898-BEEE-CAD02732B409}.Release|x86.ActiveCfg = Release|Any CPU
		{902F8D93-D31B-4898-BEEE-CAD02732B409}.Release|x86.Build.0 = Release|Any CPU
		{6D49F8EB-3D36-4A2D-8CCC-E892C54E5B4D}.Debug|Any CPU.ActiveCfg = Debug|Any CPU
		{6D49F8EB-3D36-4A2D-8CCC-E892C54E5B4D}.Debug|Any CPU.Build.0 = Debug|Any CPU
		{6D49F8EB-3D36-4A2D-8CCC-E892C54E5B4D}.Debug|x64.ActiveCfg = Debug|Any CPU
		{6D49F8EB-3D36-4A2D-8CCC-E892C54E5B4D}.Debug|x64.Build.0 = Debug|Any CPU
		{6D49F8EB-3D36-4A2D-8CCC-E892C54E5B4D}.Debug|x86.ActiveCfg = Debug|Any CPU
		{6D49F8EB-3D36-4A2D-8CCC-E892C54E5B4D}.Debug|x86.Build.0 = Debug|Any CPU
		{6D49F8EB-3D36-4A2D-8CCC-E892C54E5B4D}.Release|Any CPU.ActiveCfg = Release|Any CPU
		{6D49F8EB-3D36-4A2D-8CCC-E892C54E5B4D}.Release|Any CPU.Build.0 = Release|Any CPU
		{6D49F8EB-3D36-4A2D-8CCC-E892C54E5B4D}.Release|x64.ActiveCfg = Release|Any CPU
		{6D49F8EB-3D36-4A2D-8CCC-E892C54E5B4D}.Release|x64.Build.0 = Release|Any CPU
		{6D49F8EB-3D36-4A2D-8CCC-E892C54E5B4D}.Release|x86.ActiveCfg = Release|Any CPU
		{6D49F8EB-3D36-4A2D-8CCC-E892C54E5B4D}.Release|x86.Build.0 = Release|Any CPU
		{2FC48DF0-EB14-4275-81F9-E043BD129B1E}.Debug|Any CPU.ActiveCfg = Debug|Any CPU
		{2FC48DF0-EB14-4275-81F9-E043BD129B1E}.Debug|Any CPU.Build.0 = Debug|Any CPU
		{2FC48DF0-EB14-4275-81F9-E043BD129B1E}.Debug|x64.ActiveCfg = Debug|Any CPU
		{2FC48DF0-EB14-4275-81F9-E043BD129B1E}.Debug|x64.Build.0 = Debug|Any CPU
		{2FC48DF0-EB14-4275-81F9-E043BD129B1E}.Debug|x86.ActiveCfg = Debug|Any CPU
		{2FC48DF0-EB14-4275-81F9-E043BD129B1E}.Debug|x86.Build.0 = Debug|Any CPU
		{2FC48DF0-EB14-4275-81F9-E043BD129B1E}.Release|Any CPU.ActiveCfg = Release|Any CPU
		{2FC48DF0-EB14-4275-81F9-E043BD129B1E}.Release|Any CPU.Build.0 = Release|Any CPU
		{2FC48DF0-EB14-4275-81F9-E043BD129B1E}.Release|x64.ActiveCfg = Release|Any CPU
		{2FC48DF0-EB14-4275-81F9-E043BD129B1E}.Release|x64.Build.0 = Release|Any CPU
		{2FC48DF0-EB14-4275-81F9-E043BD129B1E}.Release|x86.ActiveCfg = Release|Any CPU
		{2FC48DF0-EB14-4275-81F9-E043BD129B1E}.Release|x86.Build.0 = Release|Any CPU
		{B209B497-3F6A-4B8A-AB7F-D97B5EFF3BCB}.Debug|Any CPU.ActiveCfg = Debug|Any CPU
		{B209B497-3F6A-4B8A-AB7F-D97B5EFF3BCB}.Debug|Any CPU.Build.0 = Debug|Any CPU
		{B209B497-3F6A-4B8A-AB7F-D97B5EFF3BCB}.Debug|x64.ActiveCfg = Debug|Any CPU
		{B209B497-3F6A-4B8A-AB7F-D97B5EFF3BCB}.Debug|x64.Build.0 = Debug|Any CPU
		{B209B497-3F6A-4B8A-AB7F-D97B5EFF3BCB}.Debug|x86.ActiveCfg = Debug|Any CPU
		{B209B497-3F6A-4B8A-AB7F-D97B5EFF3BCB}.Debug|x86.Build.0 = Debug|Any CPU
		{B209B497-3F6A-4B8A-AB7F-D97B5EFF3BCB}.Release|Any CPU.ActiveCfg = Release|Any CPU
		{B209B497-3F6A-4B8A-AB7F-D97B5EFF3BCB}.Release|Any CPU.Build.0 = Release|Any CPU
		{B209B497-3F6A-4B8A-AB7F-D97B5EFF3BCB}.Release|x64.ActiveCfg = Release|Any CPU
		{B209B497-3F6A-4B8A-AB7F-D97B5EFF3BCB}.Release|x64.Build.0 = Release|Any CPU
		{B209B497-3F6A-4B8A-AB7F-D97B5EFF3BCB}.Release|x86.ActiveCfg = Release|Any CPU
		{B209B497-3F6A-4B8A-AB7F-D97B5EFF3BCB}.Release|x86.Build.0 = Release|Any CPU
		{41AAA5C3-1D45-443A-BA36-721B0079CBEC}.Debug|Any CPU.ActiveCfg = Debug|Any CPU
		{41AAA5C3-1D45-443A-BA36-721B0079CBEC}.Debug|Any CPU.Build.0 = Debug|Any CPU
		{41AAA5C3-1D45-443A-BA36-721B0079CBEC}.Debug|x64.ActiveCfg = Debug|Any CPU
		{41AAA5C3-1D45-443A-BA36-721B0079CBEC}.Debug|x64.Build.0 = Debug|Any CPU
		{41AAA5C3-1D45-443A-BA36-721B0079CBEC}.Debug|x86.ActiveCfg = Debug|Any CPU
		{41AAA5C3-1D45-443A-BA36-721B0079CBEC}.Debug|x86.Build.0 = Debug|Any CPU
		{41AAA5C3-1D45-443A-BA36-721B0079CBEC}.Release|Any CPU.ActiveCfg = Release|Any CPU
		{41AAA5C3-1D45-443A-BA36-721B0079CBEC}.Release|Any CPU.Build.0 = Release|Any CPU
		{41AAA5C3-1D45-443A-BA36-721B0079CBEC}.Release|x64.ActiveCfg = Release|Any CPU
		{41AAA5C3-1D45-443A-BA36-721B0079CBEC}.Release|x64.Build.0 = Release|Any CPU
		{41AAA5C3-1D45-443A-BA36-721B0079CBEC}.Release|x86.ActiveCfg = Release|Any CPU
		{41AAA5C3-1D45-443A-BA36-721B0079CBEC}.Release|x86.Build.0 = Release|Any CPU
		{C411CB54-1614-4EC5-ADF2-96E92C97848E}.Debug|Any CPU.ActiveCfg = Debug|Any CPU
		{C411CB54-1614-4EC5-ADF2-96E92C97848E}.Debug|Any CPU.Build.0 = Debug|Any CPU
		{C411CB54-1614-4EC5-ADF2-96E92C97848E}.Debug|x64.ActiveCfg = Debug|Any CPU
		{C411CB54-1614-4EC5-ADF2-96E92C97848E}.Debug|x64.Build.0 = Debug|Any CPU
		{C411CB54-1614-4EC5-ADF2-96E92C97848E}.Debug|x86.ActiveCfg = Debug|Any CPU
		{C411CB54-1614-4EC5-ADF2-96E92C97848E}.Debug|x86.Build.0 = Debug|Any CPU
		{C411CB54-1614-4EC5-ADF2-96E92C97848E}.Release|Any CPU.ActiveCfg = Release|Any CPU
		{C411CB54-1614-4EC5-ADF2-96E92C97848E}.Release|Any CPU.Build.0 = Release|Any CPU
		{C411CB54-1614-4EC5-ADF2-96E92C97848E}.Release|x64.ActiveCfg = Release|Any CPU
		{C411CB54-1614-4EC5-ADF2-96E92C97848E}.Release|x64.Build.0 = Release|Any CPU
		{C411CB54-1614-4EC5-ADF2-96E92C97848E}.Release|x86.ActiveCfg = Release|Any CPU
		{C411CB54-1614-4EC5-ADF2-96E92C97848E}.Release|x86.Build.0 = Release|Any CPU
		{83390800-5703-43C7-8E5E-AC56B06F2617}.Debug|Any CPU.ActiveCfg = Debug|Any CPU
		{83390800-5703-43C7-8E5E-AC56B06F2617}.Debug|Any CPU.Build.0 = Debug|Any CPU
		{83390800-5703-43C7-8E5E-AC56B06F2617}.Debug|x64.ActiveCfg = Debug|Any CPU
		{83390800-5703-43C7-8E5E-AC56B06F2617}.Debug|x64.Build.0 = Debug|Any CPU
		{83390800-5703-43C7-8E5E-AC56B06F2617}.Debug|x86.ActiveCfg = Debug|Any CPU
		{83390800-5703-43C7-8E5E-AC56B06F2617}.Debug|x86.Build.0 = Debug|Any CPU
		{83390800-5703-43C7-8E5E-AC56B06F2617}.Release|Any CPU.ActiveCfg = Release|Any CPU
		{83390800-5703-43C7-8E5E-AC56B06F2617}.Release|Any CPU.Build.0 = Release|Any CPU
		{83390800-5703-43C7-8E5E-AC56B06F2617}.Release|x64.ActiveCfg = Release|Any CPU
		{83390800-5703-43C7-8E5E-AC56B06F2617}.Release|x64.Build.0 = Release|Any CPU
		{83390800-5703-43C7-8E5E-AC56B06F2617}.Release|x86.ActiveCfg = Release|Any CPU
		{83390800-5703-43C7-8E5E-AC56B06F2617}.Release|x86.Build.0 = Release|Any CPU
		{502BEBA0-D2B0-48C9-87FB-4139E5C35E6E}.Debug|Any CPU.ActiveCfg = Debug|Any CPU
		{502BEBA0-D2B0-48C9-87FB-4139E5C35E6E}.Debug|Any CPU.Build.0 = Debug|Any CPU
		{502BEBA0-D2B0-48C9-87FB-4139E5C35E6E}.Debug|x64.ActiveCfg = Debug|Any CPU
		{502BEBA0-D2B0-48C9-87FB-4139E5C35E6E}.Debug|x64.Build.0 = Debug|Any CPU
		{502BEBA0-D2B0-48C9-87FB-4139E5C35E6E}.Debug|x86.ActiveCfg = Debug|Any CPU
		{502BEBA0-D2B0-48C9-87FB-4139E5C35E6E}.Debug|x86.Build.0 = Debug|Any CPU
		{502BEBA0-D2B0-48C9-87FB-4139E5C35E6E}.Release|Any CPU.ActiveCfg = Release|Any CPU
		{502BEBA0-D2B0-48C9-87FB-4139E5C35E6E}.Release|Any CPU.Build.0 = Release|Any CPU
		{502BEBA0-D2B0-48C9-87FB-4139E5C35E6E}.Release|x64.ActiveCfg = Release|Any CPU
		{502BEBA0-D2B0-48C9-87FB-4139E5C35E6E}.Release|x64.Build.0 = Release|Any CPU
		{502BEBA0-D2B0-48C9-87FB-4139E5C35E6E}.Release|x86.ActiveCfg = Release|Any CPU
		{502BEBA0-D2B0-48C9-87FB-4139E5C35E6E}.Release|x86.Build.0 = Release|Any CPU
		{1E07FE19-D3EA-49EA-B04D-B78E7ECD9F8B}.Debug|Any CPU.ActiveCfg = Debug|Any CPU
		{1E07FE19-D3EA-49EA-B04D-B78E7ECD9F8B}.Debug|Any CPU.Build.0 = Debug|Any CPU
		{1E07FE19-D3EA-49EA-B04D-B78E7ECD9F8B}.Debug|x64.ActiveCfg = Debug|Any CPU
		{1E07FE19-D3EA-49EA-B04D-B78E7ECD9F8B}.Debug|x64.Build.0 = Debug|Any CPU
		{1E07FE19-D3EA-49EA-B04D-B78E7ECD9F8B}.Debug|x86.ActiveCfg = Debug|Any CPU
		{1E07FE19-D3EA-49EA-B04D-B78E7ECD9F8B}.Debug|x86.Build.0 = Debug|Any CPU
		{1E07FE19-D3EA-49EA-B04D-B78E7ECD9F8B}.Release|Any CPU.ActiveCfg = Release|Any CPU
		{1E07FE19-D3EA-49EA-B04D-B78E7ECD9F8B}.Release|Any CPU.Build.0 = Release|Any CPU
		{1E07FE19-D3EA-49EA-B04D-B78E7ECD9F8B}.Release|x64.ActiveCfg = Release|Any CPU
		{1E07FE19-D3EA-49EA-B04D-B78E7ECD9F8B}.Release|x64.Build.0 = Release|Any CPU
		{1E07FE19-D3EA-49EA-B04D-B78E7ECD9F8B}.Release|x86.ActiveCfg = Release|Any CPU
		{1E07FE19-D3EA-49EA-B04D-B78E7ECD9F8B}.Release|x86.Build.0 = Release|Any CPU
		{F51D7FA6-1DD8-4722-BB97-C4238F2CFBF5}.Debug|Any CPU.ActiveCfg = Debug|Any CPU
		{F51D7FA6-1DD8-4722-BB97-C4238F2CFBF5}.Debug|Any CPU.Build.0 = Debug|Any CPU
		{F51D7FA6-1DD8-4722-BB97-C4238F2CFBF5}.Debug|x64.ActiveCfg = Debug|Any CPU
		{F51D7FA6-1DD8-4722-BB97-C4238F2CFBF5}.Debug|x64.Build.0 = Debug|Any CPU
		{F51D7FA6-1DD8-4722-BB97-C4238F2CFBF5}.Debug|x86.ActiveCfg = Debug|Any CPU
		{F51D7FA6-1DD8-4722-BB97-C4238F2CFBF5}.Debug|x86.Build.0 = Debug|Any CPU
		{F51D7FA6-1DD8-4722-BB97-C4238F2CFBF5}.Release|Any CPU.ActiveCfg = Release|Any CPU
		{F51D7FA6-1DD8-4722-BB97-C4238F2CFBF5}.Release|Any CPU.Build.0 = Release|Any CPU
		{F51D7FA6-1DD8-4722-BB97-C4238F2CFBF5}.Release|x64.ActiveCfg = Release|Any CPU
		{F51D7FA6-1DD8-4722-BB97-C4238F2CFBF5}.Release|x64.Build.0 = Release|Any CPU
		{F51D7FA6-1DD8-4722-BB97-C4238F2CFBF5}.Release|x86.ActiveCfg = Release|Any CPU
		{F51D7FA6-1DD8-4722-BB97-C4238F2CFBF5}.Release|x86.Build.0 = Release|Any CPU
		{9DC84B3E-D3B4-4A0F-8416-A0EFAF44D206}.Debug|Any CPU.ActiveCfg = Debug|Any CPU
		{9DC84B3E-D3B4-4A0F-8416-A0EFAF44D206}.Debug|Any CPU.Build.0 = Debug|Any CPU
		{9DC84B3E-D3B4-4A0F-8416-A0EFAF44D206}.Debug|x64.ActiveCfg = Debug|Any CPU
		{9DC84B3E-D3B4-4A0F-8416-A0EFAF44D206}.Debug|x64.Build.0 = Debug|Any CPU
		{9DC84B3E-D3B4-4A0F-8416-A0EFAF44D206}.Debug|x86.ActiveCfg = Debug|Any CPU
		{9DC84B3E-D3B4-4A0F-8416-A0EFAF44D206}.Debug|x86.Build.0 = Debug|Any CPU
		{9DC84B3E-D3B4-4A0F-8416-A0EFAF44D206}.Release|Any CPU.ActiveCfg = Release|Any CPU
		{9DC84B3E-D3B4-4A0F-8416-A0EFAF44D206}.Release|Any CPU.Build.0 = Release|Any CPU
		{9DC84B3E-D3B4-4A0F-8416-A0EFAF44D206}.Release|x64.ActiveCfg = Release|Any CPU
		{9DC84B3E-D3B4-4A0F-8416-A0EFAF44D206}.Release|x64.Build.0 = Release|Any CPU
		{9DC84B3E-D3B4-4A0F-8416-A0EFAF44D206}.Release|x86.ActiveCfg = Release|Any CPU
		{9DC84B3E-D3B4-4A0F-8416-A0EFAF44D206}.Release|x86.Build.0 = Release|Any CPU
		{69E4DE0B-25E2-4542-B2C2-F15F07B4200F}.Debug|Any CPU.ActiveCfg = Debug|Any CPU
		{69E4DE0B-25E2-4542-B2C2-F15F07B4200F}.Debug|Any CPU.Build.0 = Debug|Any CPU
		{69E4DE0B-25E2-4542-B2C2-F15F07B4200F}.Debug|x64.ActiveCfg = Debug|Any CPU
		{69E4DE0B-25E2-4542-B2C2-F15F07B4200F}.Debug|x64.Build.0 = Debug|Any CPU
		{69E4DE0B-25E2-4542-B2C2-F15F07B4200F}.Debug|x86.ActiveCfg = Debug|Any CPU
		{69E4DE0B-25E2-4542-B2C2-F15F07B4200F}.Debug|x86.Build.0 = Debug|Any CPU
		{69E4DE0B-25E2-4542-B2C2-F15F07B4200F}.Release|Any CPU.ActiveCfg = Release|Any CPU
		{69E4DE0B-25E2-4542-B2C2-F15F07B4200F}.Release|Any CPU.Build.0 = Release|Any CPU
		{69E4DE0B-25E2-4542-B2C2-F15F07B4200F}.Release|x64.ActiveCfg = Release|Any CPU
		{69E4DE0B-25E2-4542-B2C2-F15F07B4200F}.Release|x64.Build.0 = Release|Any CPU
		{69E4DE0B-25E2-4542-B2C2-F15F07B4200F}.Release|x86.ActiveCfg = Release|Any CPU
		{69E4DE0B-25E2-4542-B2C2-F15F07B4200F}.Release|x86.Build.0 = Release|Any CPU
		{4AC50560-2389-4A72-95E2-6EC298B205F8}.Debug|Any CPU.ActiveCfg = Debug|Any CPU
		{4AC50560-2389-4A72-95E2-6EC298B205F8}.Debug|Any CPU.Build.0 = Debug|Any CPU
		{4AC50560-2389-4A72-95E2-6EC298B205F8}.Debug|x64.ActiveCfg = Debug|Any CPU
		{4AC50560-2389-4A72-95E2-6EC298B205F8}.Debug|x64.Build.0 = Debug|Any CPU
		{4AC50560-2389-4A72-95E2-6EC298B205F8}.Debug|x86.ActiveCfg = Debug|Any CPU
		{4AC50560-2389-4A72-95E2-6EC298B205F8}.Debug|x86.Build.0 = Debug|Any CPU
		{4AC50560-2389-4A72-95E2-6EC298B205F8}.Release|Any CPU.ActiveCfg = Release|Any CPU
		{4AC50560-2389-4A72-95E2-6EC298B205F8}.Release|Any CPU.Build.0 = Release|Any CPU
		{4AC50560-2389-4A72-95E2-6EC298B205F8}.Release|x64.ActiveCfg = Release|Any CPU
		{4AC50560-2389-4A72-95E2-6EC298B205F8}.Release|x64.Build.0 = Release|Any CPU
		{4AC50560-2389-4A72-95E2-6EC298B205F8}.Release|x86.ActiveCfg = Release|Any CPU
		{4AC50560-2389-4A72-95E2-6EC298B205F8}.Release|x86.Build.0 = Release|Any CPU
	EndGlobalSection
	GlobalSection(NestedProjects) = preSolution
		{E3861B40-6596-4B43-8CA3-0345D8A6C83A} = {A06C9C95-AB11-4932-AC0C-7B032AC4C927}
		{E8582D4E-704B-4788-B6FC-78E7EDAFBA91} = {A06C9C95-AB11-4932-AC0C-7B032AC4C927}
		{8E63DDBF-7ED7-4713-AB1C-28B0D7F00B7C} = {A06C9C95-AB11-4932-AC0C-7B032AC4C927}
		{F915A047-08C9-4F1A-AE75-C4D721EA678C} = {0899FB26-C2F3-4B85-9EC5-A35A4412D66A}
		{BAD31810-16CF-4CF0-8922-0A5F3121981D} = {A06C9C95-AB11-4932-AC0C-7B032AC4C927}
		{412EB9AA-39AE-4D55-851F-75DDD7FC1BC8} = {446ACF7F-3549-4369-B869-388AFD8A424D}
		{222CA4C0-2790-43C1-80B4-B0943E04A121} = {412EB9AA-39AE-4D55-851F-75DDD7FC1BC8}
		{38137C4D-BC48-4477-A6E8-A30C19EB6AF5} = {8E63DDBF-7ED7-4713-AB1C-28B0D7F00B7C}
		{41AAA5C3-1D45-443A-BA36-721B0079CBEC} = {38137C4D-BC48-4477-A6E8-A30C19EB6AF5}
		{2FC48DF0-EB14-4275-81F9-E043BD129B1E} = {38137C4D-BC48-4477-A6E8-A30C19EB6AF5}
		{6D49F8EB-3D36-4A2D-8CCC-E892C54E5B4D} = {38137C4D-BC48-4477-A6E8-A30C19EB6AF5}
		{B209B497-3F6A-4B8A-AB7F-D97B5EFF3BCB} = {38137C4D-BC48-4477-A6E8-A30C19EB6AF5}
		{3964AAF9-9293-4841-9EA9-96C224A54C9A} = {BAD31810-16CF-4CF0-8922-0A5F3121981D}
		{83390800-5703-43C7-8E5E-AC56B06F2617} = {3964AAF9-9293-4841-9EA9-96C224A54C9A}
		{C411CB54-1614-4EC5-ADF2-96E92C97848E} = {3964AAF9-9293-4841-9EA9-96C224A54C9A}
		{502BEBA0-D2B0-48C9-87FB-4139E5C35E6E} = {3964AAF9-9293-4841-9EA9-96C224A54C9A}
		{4370E486-0D67-4660-9EB6-C84ACB36CD50} = {E3861B40-6596-4B43-8CA3-0345D8A6C83A}
		{7FB2C6C3-EEBF-4FD0-AE45-9B9F95DF719B} = {4370E486-0D67-4660-9EB6-C84ACB36CD50}
		{39D11EEE-F319-422E-AB01-364CC0402486} = {E8582D4E-704B-4788-B6FC-78E7EDAFBA91}
		{902F8D93-D31B-4898-BEEE-CAD02732B409} = {39D11EEE-F319-422E-AB01-364CC0402486}
		{1E07FE19-D3EA-49EA-B04D-B78E7ECD9F8B} = {412EB9AA-39AE-4D55-851F-75DDD7FC1BC8}
		{F51D7FA6-1DD8-4722-BB97-C4238F2CFBF5} = {3964AAF9-9293-4841-9EA9-96C224A54C9A}
		{3B30A0D5-21F5-4796-94E4-C4CACD62FB7A} = {A06C9C95-AB11-4932-AC0C-7B032AC4C927}
		{BD874096-597E-4DA0-95F6-3465A92B51FD} = {3B30A0D5-21F5-4796-94E4-C4CACD62FB7A}
		{9DC84B3E-D3B4-4A0F-8416-A0EFAF44D206} = {BD874096-597E-4DA0-95F6-3465A92B51FD}
		{65FE75D2-C78A-41F4-A5C5-6E25232A8B19} = {A06C9C95-AB11-4932-AC0C-7B032AC4C927}
		{5A29564A-2205-4480-B790-8163D2AC01A4} = {65FE75D2-C78A-41F4-A5C5-6E25232A8B19}
		{69E4DE0B-25E2-4542-B2C2-F15F07B4200F} = {5A29564A-2205-4480-B790-8163D2AC01A4}
		{DEDBFE34-E69C-469C-8095-28F5F9238911} = {A06C9C95-AB11-4932-AC0C-7B032AC4C927}
		{4AC50560-2389-4A72-95E2-6EC298B205F8} = {DEDBFE34-E69C-469C-8095-28F5F9238911}
	EndGlobalSection
EndGlobal
