
Microsoft Visual Studio Solution File, Format Version 12.00
# Visual Studio 15
VisualStudioVersion = 15.0.26124.0
MinimumVisualStudioVersion = 15.0.26124.0
Project("{FAE04EC0-301F-11D3-BF4B-00C04F79EFBC}") = "Cine.Bootstrapper", "src\Cine.Bootstrapper\Cine.Bootstrapper.csproj", "{F915A047-08C9-4F1A-AE75-C4D721EA678C}"
EndProject
Project("{2150E333-8FDC-42A3-9474-1A3956D46DE8}") = "Modules", "Modules", "{A06C9C95-AB11-4932-AC0C-7B032AC4C927}"
EndProject
Project("{2150E333-8FDC-42A3-9474-1A3956D46DE8}") = "Shared", "Shared", "{446ACF7F-3549-4369-B869-388AFD8A424D}"
EndProject
Project("{FAE04EC0-301F-11D3-BF4B-00C04F79EFBC}") = "Cine.Shared", "src\Shared\Cine.Shared\Cine.Shared.csproj", "{222CA4C0-2790-43C1-80B4-B0943E04A121}"
EndProject
Project("{2150E333-8FDC-42A3-9474-1A3956D46DE8}") = "Movies", "Movies", "{E3861B40-6596-4B43-8CA3-0345D8A6C83A}"
EndProject
Project("{FAE04EC0-301F-11D3-BF4B-00C04F79EFBC}") = "Cine.Modules.Movies.Api", "src\Modules\Movies\Cine.Modules.Movies.Api\Cine.Modules.Movies.Api.csproj", "{7FB2C6C3-EEBF-4FD0-AE45-9B9F95DF719B}"
EndProject
Project("{2150E333-8FDC-42A3-9474-1A3956D46DE8}") = "Cinemas", "Cinemas", "{E8582D4E-704B-4788-B6FC-78E7EDAFBA91}"
EndProject
Project("{FAE04EC0-301F-11D3-BF4B-00C04F79EFBC}") = "Cien.Modules.Cinemas.Api", "src\Modules\Cinemas\Cine.Modules.Cinemas.Api\Cine.Modules.Cinemas.Api.csproj", "{902F8D93-D31B-4898-BEEE-CAD02732B409}"
EndProject
Project("{2150E333-8FDC-42A3-9474-1A3956D46DE8}") = "Shedules", "Shedules", "{8E63DDBF-7ED7-4713-AB1C-28B0D7F00B7C}"
EndProject
Project("{FAE04EC0-301F-11D3-BF4B-00C04F79EFBC}") = "Cine.Modules.Schedules.Core", "src\Modules\Schedules\Cine.Modules.Schedules.Core\Cine.Modules.Schedules.Core.csproj", "{6D49F8EB-3D36-4A2D-8CCC-E892C54E5B4D}"
EndProject
Project("{FAE04EC0-301F-11D3-BF4B-00C04F79EFBC}") = "Cine.Modules.Schedules.Application", "src\Modules\Schedules\Cine.Modules.Schedules.Application\Cine.Modules.Schedules.Application.csproj", "{2FC48DF0-EB14-4275-81F9-E043BD129B1E}"
EndProject
Project("{FAE04EC0-301F-11D3-BF4B-00C04F79EFBC}") = "Cine.Modules.Schedules.Infrastructure", "src\Modules\Schedules\Cine.Modules.Schedules.Infrastructure\Cine.Modules.Schedules.Infrastructure.csproj", "{B209B497-3F6A-4B8A-AB7F-D97B5EFF3BCB}"
EndProject
Project("{FAE04EC0-301F-11D3-BF4B-00C04F79EFBC}") = "Cine.Modules.Schedules.Api", "src\Modules\Schedules\Cine.Modules.Schedules.Api\Cine.Modules.Schedules.Api.csproj", "{41AAA5C3-1D45-443A-BA36-721B0079CBEC}"
EndProject
Project("{2150E333-8FDC-42A3-9474-1A3956D46DE8}") = "Bootstrapper", "Bootstrapper", "{0899FB26-C2F3-4B85-9EC5-A35A4412D66A}"
EndProject
Project("{2150E333-8FDC-42A3-9474-1A3956D46DE8}") = "Reservations", "Reservations", "{BAD31810-16CF-4CF0-8922-0A5F3121981D}"
EndProject
Project("{FAE04EC0-301F-11D3-BF4B-00C04F79EFBC}") = "Cine.Reservations.Core", "src\Modules\Reservations\Cine.Reservations.Core\Cine.Reservations.Core.csproj", "{C411CB54-1614-4EC5-ADF2-96E92C97848E}"
EndProject
Project("{FAE04EC0-301F-11D3-BF4B-00C04F79EFBC}") = "Cine.Reservations.Application", "src\Modules\Reservations\Cine.Reservations.Application\Cine.Reservations.Application.csproj", "{83390800-5703-43C7-8E5E-AC56B06F2617}"
EndProject
Project("{FAE04EC0-301F-11D3-BF4B-00C04F79EFBC}") = "Cine.Reservations.Infrastructure", "src\Modules\Reservations\Cine.Reservations.Infrastructure\Cine.Reservations.Infrastructure.csproj", "{502BEBA0-D2B0-48C9-87FB-4139E5C35E6E}"
EndProject
Project("{FAE04EC0-301F-11D3-BF4B-00C04F79EFBC}") = "Cine.Reservations.Api", "Cine.Reservations.Api\Cine.Reservations.Api.csproj", "{696C2A0A-8051-4ADC-8EB6-41BC12865E82}"
EndProject
Global
	GlobalSection(SolutionConfigurationPlatforms) = preSolution
		Debug|Any CPU = Debug|Any CPU
		Debug|x64 = Debug|x64
		Debug|x86 = Debug|x86
		Release|Any CPU = Release|Any CPU
		Release|x64 = Release|x64
		Release|x86 = Release|x86
	EndGlobalSection
	GlobalSection(SolutionProperties) = preSolution
		HideSolutionNode = FALSE
	EndGlobalSection
	GlobalSection(ProjectConfigurationPlatforms) = postSolution
		{F915A047-08C9-4F1A-AE75-C4D721EA678C}.Debug|Any CPU.ActiveCfg = Debug|Any CPU
		{F915A047-08C9-4F1A-AE75-C4D721EA678C}.Debug|Any CPU.Build.0 = Debug|Any CPU
		{F915A047-08C9-4F1A-AE75-C4D721EA678C}.Debug|x64.ActiveCfg = Debug|Any CPU
		{F915A047-08C9-4F1A-AE75-C4D721EA678C}.Debug|x64.Build.0 = Debug|Any CPU
		{F915A047-08C9-4F1A-AE75-C4D721EA678C}.Debug|x86.ActiveCfg = Debug|Any CPU
		{F915A047-08C9-4F1A-AE75-C4D721EA678C}.Debug|x86.Build.0 = Debug|Any CPU
		{F915A047-08C9-4F1A-AE75-C4D721EA678C}.Release|Any CPU.ActiveCfg = Release|Any CPU
		{F915A047-08C9-4F1A-AE75-C4D721EA678C}.Release|Any CPU.Build.0 = Release|Any CPU
		{F915A047-08C9-4F1A-AE75-C4D721EA678C}.Release|x64.ActiveCfg = Release|Any CPU
		{F915A047-08C9-4F1A-AE75-C4D721EA678C}.Release|x64.Build.0 = Release|Any CPU
		{F915A047-08C9-4F1A-AE75-C4D721EA678C}.Release|x86.ActiveCfg = Release|Any CPU
		{F915A047-08C9-4F1A-AE75-C4D721EA678C}.Release|x86.Build.0 = Release|Any CPU
		{222CA4C0-2790-43C1-80B4-B0943E04A121}.Debug|Any CPU.ActiveCfg = Debug|Any CPU
		{222CA4C0-2790-43C1-80B4-B0943E04A121}.Debug|Any CPU.Build.0 = Debug|Any CPU
		{222CA4C0-2790-43C1-80B4-B0943E04A121}.Debug|x64.ActiveCfg = Debug|Any CPU
		{222CA4C0-2790-43C1-80B4-B0943E04A121}.Debug|x64.Build.0 = Debug|Any CPU
		{222CA4C0-2790-43C1-80B4-B0943E04A121}.Debug|x86.ActiveCfg = Debug|Any CPU
		{222CA4C0-2790-43C1-80B4-B0943E04A121}.Debug|x86.Build.0 = Debug|Any CPU
		{222CA4C0-2790-43C1-80B4-B0943E04A121}.Release|Any CPU.ActiveCfg = Release|Any CPU
		{222CA4C0-2790-43C1-80B4-B0943E04A121}.Release|Any CPU.Build.0 = Release|Any CPU
		{222CA4C0-2790-43C1-80B4-B0943E04A121}.Release|x64.ActiveCfg = Release|Any CPU
		{222CA4C0-2790-43C1-80B4-B0943E04A121}.Release|x64.Build.0 = Release|Any CPU
		{222CA4C0-2790-43C1-80B4-B0943E04A121}.Release|x86.ActiveCfg = Release|Any CPU
		{222CA4C0-2790-43C1-80B4-B0943E04A121}.Release|x86.Build.0 = Release|Any CPU
		{7FB2C6C3-EEBF-4FD0-AE45-9B9F95DF719B}.Debug|Any CPU.ActiveCfg = Debug|Any CPU
		{7FB2C6C3-EEBF-4FD0-AE45-9B9F95DF719B}.Debug|Any CPU.Build.0 = Debug|Any CPU
		{7FB2C6C3-EEBF-4FD0-AE45-9B9F95DF719B}.Debug|x64.ActiveCfg = Debug|Any CPU
		{7FB2C6C3-EEBF-4FD0-AE45-9B9F95DF719B}.Debug|x64.Build.0 = Debug|Any CPU
		{7FB2C6C3-EEBF-4FD0-AE45-9B9F95DF719B}.Debug|x86.ActiveCfg = Debug|Any CPU
		{7FB2C6C3-EEBF-4FD0-AE45-9B9F95DF719B}.Debug|x86.Build.0 = Debug|Any CPU
		{7FB2C6C3-EEBF-4FD0-AE45-9B9F95DF719B}.Release|Any CPU.ActiveCfg = Release|Any CPU
		{7FB2C6C3-EEBF-4FD0-AE45-9B9F95DF719B}.Release|Any CPU.Build.0 = Release|Any CPU
		{7FB2C6C3-EEBF-4FD0-AE45-9B9F95DF719B}.Release|x64.ActiveCfg = Release|Any CPU
		{7FB2C6C3-EEBF-4FD0-AE45-9B9F95DF719B}.Release|x64.Build.0 = Release|Any CPU
		{7FB2C6C3-EEBF-4FD0-AE45-9B9F95DF719B}.Release|x86.ActiveCfg = Release|Any CPU
		{7FB2C6C3-EEBF-4FD0-AE45-9B9F95DF719B}.Release|x86.Build.0 = Release|Any CPU
		{902F8D93-D31B-4898-BEEE-CAD02732B409}.Debug|Any CPU.ActiveCfg = Debug|Any CPU
		{902F8D93-D31B-4898-BEEE-CAD02732B409}.Debug|Any CPU.Build.0 = Debug|Any CPU
		{902F8D93-D31B-4898-BEEE-CAD02732B409}.Debug|x64.ActiveCfg = Debug|Any CPU
		{902F8D93-D31B-4898-BEEE-CAD02732B409}.Debug|x64.Build.0 = Debug|Any CPU
		{902F8D93-D31B-4898-BEEE-CAD02732B409}.Debug|x86.ActiveCfg = Debug|Any CPU
		{902F8D93-D31B-4898-BEEE-CAD02732B409}.Debug|x86.Build.0 = Debug|Any CPU
		{902F8D93-D31B-4898-BEEE-CAD02732B409}.Release|Any CPU.ActiveCfg = Release|Any CPU
		{902F8D93-D31B-4898-BEEE-CAD02732B409}.Release|Any CPU.Build.0 = Release|Any CPU
		{902F8D93-D31B-4898-BEEE-CAD02732B409}.Release|x64.ActiveCfg = Release|Any CPU
		{902F8D93-D31B-4898-BEEE-CAD02732B409}.Release|x64.Build.0 = Release|Any CPU
		{902F8D93-D31B-4898-BEEE-CAD02732B409}.Release|x86.ActiveCfg = Release|Any CPU
		{902F8D93-D31B-4898-BEEE-CAD02732B409}.Release|x86.Build.0 = Release|Any CPU
		{6D49F8EB-3D36-4A2D-8CCC-E892C54E5B4D}.Debug|Any CPU.ActiveCfg = Debug|Any CPU
		{6D49F8EB-3D36-4A2D-8CCC-E892C54E5B4D}.Debug|Any CPU.Build.0 = Debug|Any CPU
		{6D49F8EB-3D36-4A2D-8CCC-E892C54E5B4D}.Debug|x64.ActiveCfg = Debug|Any CPU
		{6D49F8EB-3D36-4A2D-8CCC-E892C54E5B4D}.Debug|x64.Build.0 = Debug|Any CPU
		{6D49F8EB-3D36-4A2D-8CCC-E892C54E5B4D}.Debug|x86.ActiveCfg = Debug|Any CPU
		{6D49F8EB-3D36-4A2D-8CCC-E892C54E5B4D}.Debug|x86.Build.0 = Debug|Any CPU
		{6D49F8EB-3D36-4A2D-8CCC-E892C54E5B4D}.Release|Any CPU.ActiveCfg = Release|Any CPU
		{6D49F8EB-3D36-4A2D-8CCC-E892C54E5B4D}.Release|Any CPU.Build.0 = Release|Any CPU
		{6D49F8EB-3D36-4A2D-8CCC-E892C54E5B4D}.Release|x64.ActiveCfg = Release|Any CPU
		{6D49F8EB-3D36-4A2D-8CCC-E892C54E5B4D}.Release|x64.Build.0 = Release|Any CPU
		{6D49F8EB-3D36-4A2D-8CCC-E892C54E5B4D}.Release|x86.ActiveCfg = Release|Any CPU
		{6D49F8EB-3D36-4A2D-8CCC-E892C54E5B4D}.Release|x86.Build.0 = Release|Any CPU
		{2FC48DF0-EB14-4275-81F9-E043BD129B1E}.Debug|Any CPU.ActiveCfg = Debug|Any CPU
		{2FC48DF0-EB14-4275-81F9-E043BD129B1E}.Debug|Any CPU.Build.0 = Debug|Any CPU
		{2FC48DF0-EB14-4275-81F9-E043BD129B1E}.Debug|x64.ActiveCfg = Debug|Any CPU
		{2FC48DF0-EB14-4275-81F9-E043BD129B1E}.Debug|x64.Build.0 = Debug|Any CPU
		{2FC48DF0-EB14-4275-81F9-E043BD129B1E}.Debug|x86.ActiveCfg = Debug|Any CPU
		{2FC48DF0-EB14-4275-81F9-E043BD129B1E}.Debug|x86.Build.0 = Debug|Any CPU
		{2FC48DF0-EB14-4275-81F9-E043BD129B1E}.Release|Any CPU.ActiveCfg = Release|Any CPU
		{2FC48DF0-EB14-4275-81F9-E043BD129B1E}.Release|Any CPU.Build.0 = Release|Any CPU
		{2FC48DF0-EB14-4275-81F9-E043BD129B1E}.Release|x64.ActiveCfg = Release|Any CPU
		{2FC48DF0-EB14-4275-81F9-E043BD129B1E}.Release|x64.Build.0 = Release|Any CPU
		{2FC48DF0-EB14-4275-81F9-E043BD129B1E}.Release|x86.ActiveCfg = Release|Any CPU
		{2FC48DF0-EB14-4275-81F9-E043BD129B1E}.Release|x86.Build.0 = Release|Any CPU
		{B209B497-3F6A-4B8A-AB7F-D97B5EFF3BCB}.Debug|Any CPU.ActiveCfg = Debug|Any CPU
		{B209B497-3F6A-4B8A-AB7F-D97B5EFF3BCB}.Debug|Any CPU.Build.0 = Debug|Any CPU
		{B209B497-3F6A-4B8A-AB7F-D97B5EFF3BCB}.Debug|x64.ActiveCfg = Debug|Any CPU
		{B209B497-3F6A-4B8A-AB7F-D97B5EFF3BCB}.Debug|x64.Build.0 = Debug|Any CPU
		{B209B497-3F6A-4B8A-AB7F-D97B5EFF3BCB}.Debug|x86.ActiveCfg = Debug|Any CPU
		{B209B497-3F6A-4B8A-AB7F-D97B5EFF3BCB}.Debug|x86.Build.0 = Debug|Any CPU
		{B209B497-3F6A-4B8A-AB7F-D97B5EFF3BCB}.Release|Any CPU.ActiveCfg = Release|Any CPU
		{B209B497-3F6A-4B8A-AB7F-D97B5EFF3BCB}.Release|Any CPU.Build.0 = Release|Any CPU
		{B209B497-3F6A-4B8A-AB7F-D97B5EFF3BCB}.Release|x64.ActiveCfg = Release|Any CPU
		{B209B497-3F6A-4B8A-AB7F-D97B5EFF3BCB}.Release|x64.Build.0 = Release|Any CPU
		{B209B497-3F6A-4B8A-AB7F-D97B5EFF3BCB}.Release|x86.ActiveCfg = Release|Any CPU
		{B209B497-3F6A-4B8A-AB7F-D97B5EFF3BCB}.Release|x86.Build.0 = Release|Any CPU
		{41AAA5C3-1D45-443A-BA36-721B0079CBEC}.Debug|Any CPU.ActiveCfg = Debug|Any CPU
		{41AAA5C3-1D45-443A-BA36-721B0079CBEC}.Debug|Any CPU.Build.0 = Debug|Any CPU
		{41AAA5C3-1D45-443A-BA36-721B0079CBEC}.Debug|x64.ActiveCfg = Debug|Any CPU
		{41AAA5C3-1D45-443A-BA36-721B0079CBEC}.Debug|x64.Build.0 = Debug|Any CPU
		{41AAA5C3-1D45-443A-BA36-721B0079CBEC}.Debug|x86.ActiveCfg = Debug|Any CPU
		{41AAA5C3-1D45-443A-BA36-721B0079CBEC}.Debug|x86.Build.0 = Debug|Any CPU
		{41AAA5C3-1D45-443A-BA36-721B0079CBEC}.Release|Any CPU.ActiveCfg = Release|Any CPU
		{41AAA5C3-1D45-443A-BA36-721B0079CBEC}.Release|Any CPU.Build.0 = Release|Any CPU
		{41AAA5C3-1D45-443A-BA36-721B0079CBEC}.Release|x64.ActiveCfg = Release|Any CPU
		{41AAA5C3-1D45-443A-BA36-721B0079CBEC}.Release|x64.Build.0 = Release|Any CPU
		{41AAA5C3-1D45-443A-BA36-721B0079CBEC}.Release|x86.ActiveCfg = Release|Any CPU
		{41AAA5C3-1D45-443A-BA36-721B0079CBEC}.Release|x86.Build.0 = Release|Any CPU
		{C411CB54-1614-4EC5-ADF2-96E92C97848E}.Debug|Any CPU.ActiveCfg = Debug|Any CPU
		{C411CB54-1614-4EC5-ADF2-96E92C97848E}.Debug|Any CPU.Build.0 = Debug|Any CPU
		{C411CB54-1614-4EC5-ADF2-96E92C97848E}.Debug|x64.ActiveCfg = Debug|Any CPU
		{C411CB54-1614-4EC5-ADF2-96E92C97848E}.Debug|x64.Build.0 = Debug|Any CPU
		{C411CB54-1614-4EC5-ADF2-96E92C97848E}.Debug|x86.ActiveCfg = Debug|Any CPU
		{C411CB54-1614-4EC5-ADF2-96E92C97848E}.Debug|x86.Build.0 = Debug|Any CPU
		{C411CB54-1614-4EC5-ADF2-96E92C97848E}.Release|Any CPU.ActiveCfg = Release|Any CPU
		{C411CB54-1614-4EC5-ADF2-96E92C97848E}.Release|Any CPU.Build.0 = Release|Any CPU
		{C411CB54-1614-4EC5-ADF2-96E92C97848E}.Release|x64.ActiveCfg = Release|Any CPU
		{C411CB54-1614-4EC5-ADF2-96E92C97848E}.Release|x64.Build.0 = Release|Any CPU
		{C411CB54-1614-4EC5-ADF2-96E92C97848E}.Release|x86.ActiveCfg = Release|Any CPU
		{C411CB54-1614-4EC5-ADF2-96E92C97848E}.Release|x86.Build.0 = Release|Any CPU
		{83390800-5703-43C7-8E5E-AC56B06F2617}.Debug|Any CPU.ActiveCfg = Debug|Any CPU
		{83390800-5703-43C7-8E5E-AC56B06F2617}.Debug|Any CPU.Build.0 = Debug|Any CPU
		{83390800-5703-43C7-8E5E-AC56B06F2617}.Debug|x64.ActiveCfg = Debug|Any CPU
		{83390800-5703-43C7-8E5E-AC56B06F2617}.Debug|x64.Build.0 = Debug|Any CPU
		{83390800-5703-43C7-8E5E-AC56B06F2617}.Debug|x86.ActiveCfg = Debug|Any CPU
		{83390800-5703-43C7-8E5E-AC56B06F2617}.Debug|x86.Build.0 = Debug|Any CPU
		{83390800-5703-43C7-8E5E-AC56B06F2617}.Release|Any CPU.ActiveCfg = Release|Any CPU
		{83390800-5703-43C7-8E5E-AC56B06F2617}.Release|Any CPU.Build.0 = Release|Any CPU
		{83390800-5703-43C7-8E5E-AC56B06F2617}.Release|x64.ActiveCfg = Release|Any CPU
		{83390800-5703-43C7-8E5E-AC56B06F2617}.Release|x64.Build.0 = Release|Any CPU
		{83390800-5703-43C7-8E5E-AC56B06F2617}.Release|x86.ActiveCfg = Release|Any CPU
		{83390800-5703-43C7-8E5E-AC56B06F2617}.Release|x86.Build.0 = Release|Any CPU
		{502BEBA0-D2B0-48C9-87FB-4139E5C35E6E}.Debug|Any CPU.ActiveCfg = Debug|Any CPU
		{502BEBA0-D2B0-48C9-87FB-4139E5C35E6E}.Debug|Any CPU.Build.0 = Debug|Any CPU
		{502BEBA0-D2B0-48C9-87FB-4139E5C35E6E}.Debug|x64.ActiveCfg = Debug|Any CPU
		{502BEBA0-D2B0-48C9-87FB-4139E5C35E6E}.Debug|x64.Build.0 = Debug|Any CPU
		{502BEBA0-D2B0-48C9-87FB-4139E5C35E6E}.Debug|x86.ActiveCfg = Debug|Any CPU
		{502BEBA0-D2B0-48C9-87FB-4139E5C35E6E}.Debug|x86.Build.0 = Debug|Any CPU
		{502BEBA0-D2B0-48C9-87FB-4139E5C35E6E}.Release|Any CPU.ActiveCfg = Release|Any CPU
		{502BEBA0-D2B0-48C9-87FB-4139E5C35E6E}.Release|Any CPU.Build.0 = Release|Any CPU
		{502BEBA0-D2B0-48C9-87FB-4139E5C35E6E}.Release|x64.ActiveCfg = Release|Any CPU
		{502BEBA0-D2B0-48C9-87FB-4139E5C35E6E}.Release|x64.Build.0 = Release|Any CPU
		{502BEBA0-D2B0-48C9-87FB-4139E5C35E6E}.Release|x86.ActiveCfg = Release|Any CPU
		{502BEBA0-D2B0-48C9-87FB-4139E5C35E6E}.Release|x86.Build.0 = Release|Any CPU
		{696C2A0A-8051-4ADC-8EB6-41BC12865E82}.Debug|Any CPU.ActiveCfg = Debug|Any CPU
		{696C2A0A-8051-4ADC-8EB6-41BC12865E82}.Debug|Any CPU.Build.0 = Debug|Any CPU
		{696C2A0A-8051-4ADC-8EB6-41BC12865E82}.Debug|x64.ActiveCfg = Debug|Any CPU
		{696C2A0A-8051-4ADC-8EB6-41BC12865E82}.Debug|x64.Build.0 = Debug|Any CPU
		{696C2A0A-8051-4ADC-8EB6-41BC12865E82}.Debug|x86.ActiveCfg = Debug|Any CPU
		{696C2A0A-8051-4ADC-8EB6-41BC12865E82}.Debug|x86.Build.0 = Debug|Any CPU
		{696C2A0A-8051-4ADC-8EB6-41BC12865E82}.Release|Any CPU.ActiveCfg = Release|Any CPU
		{696C2A0A-8051-4ADC-8EB6-41BC12865E82}.Release|Any CPU.Build.0 = Release|Any CPU
		{696C2A0A-8051-4ADC-8EB6-41BC12865E82}.Release|x64.ActiveCfg = Release|Any CPU
		{696C2A0A-8051-4ADC-8EB6-41BC12865E82}.Release|x64.Build.0 = Release|Any CPU
		{696C2A0A-8051-4ADC-8EB6-41BC12865E82}.Release|x86.ActiveCfg = Release|Any CPU
		{696C2A0A-8051-4ADC-8EB6-41BC12865E82}.Release|x86.Build.0 = Release|Any CPU
	EndGlobalSection
	GlobalSection(NestedProjects) = preSolution
		{222CA4C0-2790-43C1-80B4-B0943E04A121} = {446ACF7F-3549-4369-B869-388AFD8A424D}
		{E3861B40-6596-4B43-8CA3-0345D8A6C83A} = {A06C9C95-AB11-4932-AC0C-7B032AC4C927}
		{7FB2C6C3-EEBF-4FD0-AE45-9B9F95DF719B} = {E3861B40-6596-4B43-8CA3-0345D8A6C83A}
		{E8582D4E-704B-4788-B6FC-78E7EDAFBA91} = {A06C9C95-AB11-4932-AC0C-7B032AC4C927}
		{902F8D93-D31B-4898-BEEE-CAD02732B409} = {E8582D4E-704B-4788-B6FC-78E7EDAFBA91}
		{8E63DDBF-7ED7-4713-AB1C-28B0D7F00B7C} = {A06C9C95-AB11-4932-AC0C-7B032AC4C927}
		{6D49F8EB-3D36-4A2D-8CCC-E892C54E5B4D} = {8E63DDBF-7ED7-4713-AB1C-28B0D7F00B7C}
		{2FC48DF0-EB14-4275-81F9-E043BD129B1E} = {8E63DDBF-7ED7-4713-AB1C-28B0D7F00B7C}
		{B209B497-3F6A-4B8A-AB7F-D97B5EFF3BCB} = {8E63DDBF-7ED7-4713-AB1C-28B0D7F00B7C}
		{41AAA5C3-1D45-443A-BA36-721B0079CBEC} = {8E63DDBF-7ED7-4713-AB1C-28B0D7F00B7C}
		{F915A047-08C9-4F1A-AE75-C4D721EA678C} = {0899FB26-C2F3-4B85-9EC5-A35A4412D66A}
		{BAD31810-16CF-4CF0-8922-0A5F3121981D} = {A06C9C95-AB11-4932-AC0C-7B032AC4C927}
		{C411CB54-1614-4EC5-ADF2-96E92C97848E} = {BAD31810-16CF-4CF0-8922-0A5F3121981D}
		{83390800-5703-43C7-8E5E-AC56B06F2617} = {BAD31810-16CF-4CF0-8922-0A5F3121981D}
		{502BEBA0-D2B0-48C9-87FB-4139E5C35E6E} = {BAD31810-16CF-4CF0-8922-0A5F3121981D}
		{696C2A0A-8051-4ADC-8EB6-41BC12865E82} = {BAD31810-16CF-4CF0-8922-0A5F3121981D}
	EndGlobalSection
EndGlobal
